
Microsoft Visual Studio Solution File, Format Version 12.00
# Visual Studio 2013
VisualStudioVersion = 12.0.21005.1
MinimumVisualStudioVersion = 10.0.40219.1
Project("{FAE04EC0-301F-11D3-BF4B-00C04F79EFBC}") = "DXWebApplication1", "DXWebApplication1\DXWebApplication1.csproj", "{51223E5A-107F-40C8-8993-6EFBF64794F1}"
EndProject
Project("{FAE04EC0-301F-11D3-BF4B-00C04F79EFBC}") = "BusinessLogic", "BusinessLogic\BusinessLogic.csproj", "{50EE2980-5323-48A7-AB15-26163E49EA73}"
EndProject
Project("{FAE04EC0-301F-11D3-BF4B-00C04F79EFBC}") = "DataAccess", "DataAccess\DataAccess.csproj", "{16BD03D9-EC16-48F7-99AD-6FC07AA8D3B1}"
EndProject
Global
	GlobalSection(SolutionConfigurationPlatforms) = preSolution
		Debug|Any CPU = Debug|Any CPU
		Release|Any CPU = Release|Any CPU
	EndGlobalSection
	GlobalSection(ProjectConfigurationPlatforms) = postSolution
		{51223E5A-107F-40C8-8993-6EFBF64794F1}.Debug|Any CPU.ActiveCfg = Debug|Any CPU
		{51223E5A-107F-40C8-8993-6EFBF64794F1}.Debug|Any CPU.Build.0 = Debug|Any CPU
		{51223E5A-107F-40C8-8993-6EFBF64794F1}.Release|Any CPU.ActiveCfg = Release|Any CPU
		{51223E5A-107F-40C8-8993-6EFBF64794F1}.Release|Any CPU.Build.0 = Release|Any CPU
		{50EE2980-5323-48A7-AB15-26163E49EA73}.Debug|Any CPU.ActiveCfg = Debug|Any CPU
		{50EE2980-5323-48A7-AB15-26163E49EA73}.Debug|Any CPU.Build.0 = Debug|Any CPU
		{50EE2980-5323-48A7-AB15-26163E49EA73}.Release|Any CPU.ActiveCfg = Release|Any CPU
		{50EE2980-5323-48A7-AB15-26163E49EA73}.Release|Any CPU.Build.0 = Release|Any CPU
		{16BD03D9-EC16-48F7-99AD-6FC07AA8D3B1}.Debug|Any CPU.ActiveCfg = Debug|Any CPU
		{16BD03D9-EC16-48F7-99AD-6FC07AA8D3B1}.Debug|Any CPU.Build.0 = Debug|Any CPU
		{16BD03D9-EC16-48F7-99AD-6FC07AA8D3B1}.Release|Any CPU.ActiveCfg = Release|Any CPU
		{16BD03D9-EC16-48F7-99AD-6FC07AA8D3B1}.Release|Any CPU.Build.0 = Release|Any CPU
	EndGlobalSection
	GlobalSection(SolutionProperties) = preSolution
		HideSolutionNode = FALSE
	EndGlobalSection
EndGlobal
